{
    "_meta": {
        "hash": {
            "sha256": "627a7b1dc97609feeaf836adc670d33d01d6314cfe5ddb1dbfe7a0aa64ba0623"
        },
        "pipfile-spec": 6,
        "requires": {
            "python_version": "3.10"
        },
        "sources": [
            {
                "name": "pypi",
                "url": "https://pypi.org/simple",
                "verify_ssl": true
            }
        ]
    },
    "default": {
        "argparse": {
            "hashes": [
                "sha256:62b089a55be1d8949cd2bc7e0df0bddb9e028faefc8c32038cc84862aefdd6e4",
                "sha256:c31647edb69fd3d465a847ea3157d37bed1f95f19760b11a47aa91c04b666314"
            ],
            "index": "pypi",
            "version": "==1.4.0"
        },
        "certifi": {
            "hashes": [
                "sha256:84c85a9078b11105f04f3036a9482ae10e4621616db313fe045dd24743a0820d",
                "sha256:fe86415d55e84719d75f8b69414f6438ac3547d2078ab91b67e779ef69378412"
            ],
            "markers": "python_version >= '3.6'",
            "version": "==2022.6.15"
        },
        "charset-normalizer": {
            "hashes": [
                "sha256:5a3d016c7c547f69d6f81fb0db9449ce888b418b5b9952cc5e6e66843e9dd845",
                "sha256:83e9a75d1911279afd89352c68b45348559d1fc0506b054b346651b5e7fee29f"
            ],
            "markers": "python_version >= '3.6'",
            "version": "==2.1.1"
        },
        "datetime": {
            "hashes": [
                "sha256:65416160ff35a564c6cca67ce0c5cd1816eee4e8a2fb324556939689d0a9ee41",
                "sha256:ec9894c438cdd54dc31578b1b43c79b11f8111dbeb066e372548a0a78a3bec46"
            ],
            "index": "pypi",
            "version": "==4.5"
        },
        "idna": {
            "hashes": [
                "sha256:84d9dd047ffa80596e0f246e2eab0b391788b0503584e8945f2368256d2735ff",
                "sha256:9d643ff0a55b762d5cdb124b8eaa99c66322e2157b69160bc32796e824360e6d"
            ],
            "markers": "python_version >= '3.5'",
            "version": "==3.3"
        },
        "pydantic": {
            "hashes": [
                "sha256:1061c6ee6204f4f5a27133126854948e3b3d51fcc16ead2e5d04378c199b2f44",
                "sha256:19b5686387ea0d1ea52ecc4cffb71abb21702c5e5b2ac626fd4dbaa0834aa49d",
                "sha256:2bd446bdb7755c3a94e56d7bdfd3ee92396070efa8ef3a34fab9579fe6aa1d84",
                "sha256:328558c9f2eed77bd8fffad3cef39dbbe3edc7044517f4625a769d45d4cf7555",
                "sha256:32e0b4fb13ad4db4058a7c3c80e2569adbd810c25e6ca3bbd8b2a9cc2cc871d7",
                "sha256:3ee0d69b2a5b341fc7927e92cae7ddcfd95e624dfc4870b32a85568bd65e6131",
                "sha256:4aafd4e55e8ad5bd1b19572ea2df546ccace7945853832bb99422a79c70ce9b8",
                "sha256:4b3946f87e5cef3ba2e7bd3a4eb5a20385fe36521d6cc1ebf3c08a6697c6cfb3",
                "sha256:4de71c718c9756d679420c69f216776c2e977459f77e8f679a4a961dc7304a56",
                "sha256:5565a49effe38d51882cb7bac18bda013cdb34d80ac336428e8908f0b72499b0",
                "sha256:5803ad846cdd1ed0d97eb00292b870c29c1f03732a010e66908ff48a762f20e4",
                "sha256:5da164119602212a3fe7e3bc08911a89db4710ae51444b4224c2382fd09ad453",
                "sha256:615661bfc37e82ac677543704437ff737418e4ea04bef9cf11c6d27346606044",
                "sha256:78a4d6bdfd116a559aeec9a4cfe77dda62acc6233f8b56a716edad2651023e5e",
                "sha256:7d0f183b305629765910eaad707800d2f47c6ac5bcfb8c6397abdc30b69eeb15",
                "sha256:7ead3cd020d526f75b4188e0a8d71c0dbbe1b4b6b5dc0ea775a93aca16256aeb",
                "sha256:84d76ecc908d917f4684b354a39fd885d69dd0491be175f3465fe4b59811c001",
                "sha256:8cb0bc509bfb71305d7a59d00163d5f9fc4530f0881ea32c74ff4f74c85f3d3d",
                "sha256:91089b2e281713f3893cd01d8e576771cd5bfdfbff5d0ed95969f47ef6d676c3",
                "sha256:9c9e04a6cdb7a363d7cb3ccf0efea51e0abb48e180c0d31dca8d247967d85c6e",
                "sha256:a8c5360a0297a713b4123608a7909e6869e1b56d0e96eb0d792c27585d40757f",
                "sha256:afacf6d2a41ed91fc631bade88b1d319c51ab5418870802cedb590b709c5ae3c",
                "sha256:b34ba24f3e2d0b39b43f0ca62008f7ba962cff51efa56e64ee25c4af6eed987b",
                "sha256:bd67cb2c2d9602ad159389c29e4ca964b86fa2f35c2faef54c3eb28b4efd36c8",
                "sha256:c0f5e142ef8217019e3eef6ae1b6b55f09a7a15972958d44fbd228214cede567",
                "sha256:cdb4272678db803ddf94caa4f94f8672e9a46bae4a44f167095e4d06fec12979",
                "sha256:d70916235d478404a3fa8c997b003b5f33aeac4686ac1baa767234a0f8ac2326",
                "sha256:d8ce3fb0841763a89322ea0432f1f59a2d3feae07a63ea2c958b2315e1ae8adb",
                "sha256:e0b214e57623a535936005797567231a12d0da0c29711eb3514bc2b3cd008d0f",
                "sha256:e631c70c9280e3129f071635b81207cad85e6c08e253539467e4ead0e5b219aa",
                "sha256:e78578f0c7481c850d1c969aca9a65405887003484d24f6110458fb02cca7747",
                "sha256:f0ca86b525264daa5f6b192f216a0d1e860b7383e3da1c65a1908f9c02f42801",
                "sha256:f1a68f4f65a9ee64b6ccccb5bf7e17db07caebd2730109cb8a95863cfa9c4e55",
                "sha256:fafe841be1103f340a24977f61dee76172e4ae5f647ab9e7fd1e1fca51524f08",
                "sha256:ff68fc85355532ea77559ede81f35fff79a6a5543477e168ab3a381887caea76"
            ],
            "index": "pypi",
            "version": "==1.9.2"
        },
        "python-json-logger": {
            "hashes": [
                "sha256:3b03487b14eb9e4f77e4fc2a023358b5394b82fd89cecf5586259baed57d8c6f",
                "sha256:764d762175f99fcc4630bd4853b09632acb60a6224acb27ce08cd70f0b1b81bd"
            ],
            "index": "pypi",
            "version": "==2.0.4"
        },
        "pytz": {
            "hashes": [
                "sha256:220f481bdafa09c3955dfbdddb7b57780e9a94f5127e35456a48589b9e0c0197",
                "sha256:cea221417204f2d1a2aa03ddae3e867921971d0d76f14d87abb4414415bbdcf5"
            ],
            "version": "==2022.2.1"
        },
        "requests": {
            "hashes": [
                "sha256:7c5599b102feddaa661c826c56ab4fee28bfd17f5abca1ebbe3e7f19d7c97983",
                "sha256:8fefa2a1a1365bf5520aac41836fbee479da67864514bdb821f31ce07ce65349"
            ],
            "index": "pypi",
            "version": "==2.28.1"
        },
        "setuptools": {
            "hashes": [
                "sha256:2e24e0bec025f035a2e72cdd1961119f557d78ad331bb00ff82efb2ab8da8e82",
                "sha256:7732871f4f7fa58fb6bdcaeadb0161b2bd046c85905dbaa066bdcbcc81953b57"
            ],
            "markers": "python_version >= '3.7'",
            "version": "==65.3.0"
        },
        "typing-extensions": {
            "hashes": [
                "sha256:25642c956049920a5aa49edcdd6ab1e06d7e5d467fc00e0506c44ac86fbfca02",
                "sha256:e6d2677a32f47fc7eb2795db1dd15c1f34eff616bcaf2cfb5e997f854fa1c4a6"
            ],
            "markers": "python_version >= '3.7'",
            "version": "==4.3.0"
        },
        "urllib3": {
            "hashes": [
                "sha256:3fa96cf423e6987997fc326ae8df396db2a8b7c667747d47ddd8ecba91f4a74e",
                "sha256:b930dd878d5a8afb066a637fbb35144fe7901e3b209d1cd4f524bd0e9deee997"
            ],
            "markers": "python_version >= '2.7' and python_version not in '3.0, 3.1, 3.2, 3.3, 3.4, 3.5' and python_version < '4'",
            "version": "==1.26.12"
        },
        "zope.interface": {
            "hashes": [
                "sha256:08f9636e99a9d5410181ba0729e0408d3d8748026ea938f3b970a0249daa8192",
                "sha256:0b465ae0962d49c68aa9733ba92a001b2a0933c317780435f00be7ecb959c702",
                "sha256:0cba8477e300d64a11a9789ed40ee8932b59f9ee05f85276dbb4b59acee5dd09",
                "sha256:0cee5187b60ed26d56eb2960136288ce91bcf61e2a9405660d271d1f122a69a4",
                "sha256:0ea1d73b7c9dcbc5080bb8aaffb776f1c68e807767069b9ccdd06f27a161914a",
                "sha256:0f91b5b948686659a8e28b728ff5e74b1be6bf40cb04704453617e5f1e945ef3",
                "sha256:15e7d1f7a6ee16572e21e3576d2012b2778cbacf75eb4b7400be37455f5ca8bf",
                "sha256:17776ecd3a1fdd2b2cd5373e5ef8b307162f581c693575ec62e7c5399d80794c",
                "sha256:194d0bcb1374ac3e1e023961610dc8f2c78a0f5f634d0c737691e215569e640d",
                "sha256:1c0e316c9add0db48a5b703833881351444398b04111188069a26a61cfb4df78",
                "sha256:205e40ccde0f37496904572035deea747390a8b7dc65146d30b96e2dd1359a83",
                "sha256:273f158fabc5ea33cbc936da0ab3d4ba80ede5351babc4f577d768e057651531",
                "sha256:2876246527c91e101184f63ccd1d716ec9c46519cc5f3d5375a3351c46467c46",
                "sha256:2c98384b254b37ce50eddd55db8d381a5c53b4c10ee66e1e7fe749824f894021",
                "sha256:2e5a26f16503be6c826abca904e45f1a44ff275fdb7e9d1b75c10671c26f8b94",
                "sha256:334701327f37c47fa628fc8b8d28c7d7730ce7daaf4bda1efb741679c2b087fc",
                "sha256:3748fac0d0f6a304e674955ab1365d515993b3a0a865e16a11ec9d86fb307f63",
                "sha256:3c02411a3b62668200910090a0dff17c0b25aaa36145082a5a6adf08fa281e54",
                "sha256:3dd4952748521205697bc2802e4afac5ed4b02909bb799ba1fe239f77fd4e117",
                "sha256:3f24df7124c323fceb53ff6168da70dbfbae1442b4f3da439cd441681f54fe25",
                "sha256:469e2407e0fe9880ac690a3666f03eb4c3c444411a5a5fddfdabc5d184a79f05",
                "sha256:4de4bc9b6d35c5af65b454d3e9bc98c50eb3960d5a3762c9438df57427134b8e",
                "sha256:5208ebd5152e040640518a77827bdfcc73773a15a33d6644015b763b9c9febc1",
                "sha256:52de7fc6c21b419078008f697fd4103dbc763288b1406b4562554bd47514c004",
                "sha256:5bb3489b4558e49ad2c5118137cfeaf59434f9737fa9c5deefc72d22c23822e2",
                "sha256:5dba5f530fec3f0988d83b78cc591b58c0b6eb8431a85edd1569a0539a8a5a0e",
                "sha256:5dd9ca406499444f4c8299f803d4a14edf7890ecc595c8b1c7115c2342cadc5f",
                "sha256:5f931a1c21dfa7a9c573ec1f50a31135ccce84e32507c54e1ea404894c5eb96f",
                "sha256:63b82bb63de7c821428d513607e84c6d97d58afd1fe2eb645030bdc185440120",
                "sha256:66c0061c91b3b9cf542131148ef7ecbecb2690d48d1612ec386de9d36766058f",
                "sha256:6f0c02cbb9691b7c91d5009108f975f8ffeab5dff8f26d62e21c493060eff2a1",
                "sha256:71aace0c42d53abe6fc7f726c5d3b60d90f3c5c055a447950ad6ea9cec2e37d9",
                "sha256:7d97a4306898b05404a0dcdc32d9709b7d8832c0c542b861d9a826301719794e",
                "sha256:7df1e1c05304f26faa49fa752a8c690126cf98b40b91d54e6e9cc3b7d6ffe8b7",
                "sha256:8270252effc60b9642b423189a2fe90eb6b59e87cbee54549db3f5562ff8d1b8",
                "sha256:867a5ad16892bf20e6c4ea2aab1971f45645ff3102ad29bd84c86027fa99997b",
                "sha256:877473e675fdcc113c138813a5dd440da0769a2d81f4d86614e5d62b69497155",
                "sha256:8892f89999ffd992208754851e5a052f6b5db70a1e3f7d54b17c5211e37a98c7",
                "sha256:9a9845c4c6bb56e508651f005c4aeb0404e518c6f000d5a1123ab077ab769f5c",
                "sha256:a1e6e96217a0f72e2b8629e271e1b280c6fa3fe6e59fa8f6701bec14e3354325",
                "sha256:a8156e6a7f5e2a0ff0c5b21d6bcb45145efece1909efcbbbf48c56f8da68221d",
                "sha256:a9506a7e80bcf6eacfff7f804c0ad5350c8c95b9010e4356a4b36f5322f09abb",
                "sha256:af310ec8335016b5e52cae60cda4a4f2a60a788cbb949a4fbea13d441aa5a09e",
                "sha256:b0297b1e05fd128d26cc2460c810d42e205d16d76799526dfa8c8ccd50e74959",
                "sha256:bf68f4b2b6683e52bec69273562df15af352e5ed25d1b6641e7efddc5951d1a7",
                "sha256:d0c1bc2fa9a7285719e5678584f6b92572a5b639d0e471bb8d4b650a1a910920",
                "sha256:d4d9d6c1a455d4babd320203b918ccc7fcbefe308615c521062bc2ba1aa4d26e",
                "sha256:db1fa631737dab9fa0b37f3979d8d2631e348c3b4e8325d6873c2541d0ae5a48",
                "sha256:dd93ea5c0c7f3e25335ab7d22a507b1dc43976e1345508f845efc573d3d779d8",
                "sha256:f44e517131a98f7a76696a7b21b164bcb85291cee106a23beccce454e1f433a4",
                "sha256:f7ee479e96f7ee350db1cf24afa5685a5899e2b34992fb99e1f7c1b0b758d263"
            ],
            "markers": "python_version >= '2.7' and python_version not in '3.0, 3.1, 3.2, 3.3, 3.4'",
            "version": "==5.4.0"
        }
    },
    "develop": {
        "black": {
            "hashes": [
                "sha256:074458dc2f6e0d3dab7928d4417bb6957bb834434516f21514138437accdbe90",
                "sha256:187d96c5e713f441a5829e77120c269b6514418f4513a390b0499b0987f2ff1c",
                "sha256:2ea29072e954a4d55a2ff58971b83365eba5d3d357352a07a7a4df0d95f51c78",
                "sha256:4af5bc0e1f96be5ae9bd7aaec219c901a94d6caa2484c21983d043371c733fc4",
                "sha256:560558527e52ce8afba936fcce93a7411ab40c7d5fe8c2463e279e843c0328ee",
                "sha256:568ac3c465b1c8b34b61cd7a4e349e93f91abf0f9371eda1cf87194663ab684e",
                "sha256:6797f58943fceb1c461fb572edbe828d811e719c24e03375fd25170ada53825e",
                "sha256:6c1734ab264b8f7929cef8ae5f900b85d579e6cbfde09d7387da8f04771b51c6",
                "sha256:6c6d39e28aed379aec40da1c65434c77d75e65bb59a1e1c283de545fb4e7c6c9",
                "sha256:7ba9be198ecca5031cd78745780d65a3f75a34b2ff9be5837045dce55db83d1c",
                "sha256:94783f636bca89f11eb5d50437e8e17fbc6a929a628d82304c80fa9cd945f256",
                "sha256:a218d7e5856f91d20f04e931b6f16d15356db1c846ee55f01bac297a705ca24f",
                "sha256:a3db5b6409b96d9bd543323b23ef32a1a2b06416d525d27e0f67e74f1446c8f2",
                "sha256:ac609cf8ef5e7115ddd07d85d988d074ed00e10fbc3445aee393e70164a2219c",
                "sha256:b154e6bbde1e79ea3260c4b40c0b7b3109ffcdf7bc4ebf8859169a6af72cd70b",
                "sha256:b270a168d69edb8b7ed32c193ef10fd27844e5c60852039599f9184460ce0807",
                "sha256:b9fd45787ba8aa3f5e0a0a98920c1012c884622c6c920dbe98dbd05bc7c70fbf",
                "sha256:c85928b9d5f83b23cee7d0efcb310172412fbf7cb9d9ce963bd67fd141781def",
                "sha256:c9a3ac16efe9ec7d7381ddebcc022119794872abce99475345c5a61aa18c45ad",
                "sha256:cfaf3895a9634e882bf9d2363fed5af8888802d670f58b279b0bece00e9a872d",
                "sha256:e439798f819d49ba1c0bd9664427a05aab79bfba777a6db94fd4e56fae0cb849",
                "sha256:f586c26118bc6e714ec58c09df0157fe2d9ee195c764f630eb0d8e7ccce72e69",
                "sha256:f6fe02afde060bbeef044af7996f335fbe90b039ccf3f5eb8f16df8b20f77666"
            ],
            "index": "pypi",
            "version": "==22.6.0"
        },
        "click": {
            "hashes": [
                "sha256:7682dc8afb30297001674575ea00d1814d808d6a36af415a82bd481d37ba7b8e",
                "sha256:bb4d8133cb15a609f44e8213d9b391b0809795062913b383c62be0ee95b1db48"
            ],
            "markers": "python_version >= '3.7'",
            "version": "==8.1.3"
        },
        "flake8": {
            "hashes": [
                "sha256:6fbe320aad8d6b95cec8b8e47bc933004678dc63095be98528b7bdd2a9f510db",
                "sha256:7a1cf6b73744f5806ab95e526f6f0d8c01c66d7bbe349562d22dfca20610b248"
            ],
            "index": "pypi",
            "version": "==5.0.4"
        },
        "isort": {
            "hashes": [
                "sha256:6f62d78e2f89b4500b080fe3a81690850cd254227f27f75c3a0c491a1f351ba7",
                "sha256:e8443a5e7a020e9d7f97f1d7d9cd17c88bcb3bc7e218bf9cf5095fe550be2951"
            ],
            "index": "pypi",
            "version": "==5.10.1"
        },
        "mccabe": {
            "hashes": [
                "sha256:348e0240c33b60bbdf4e523192ef919f28cb2c3d7d5c7794f74009290f236325",
                "sha256:6c2d30ab6be0e4a46919781807b4f0d834ebdd6c6e3dca0bda5a15f863427b6e"
            ],
            "markers": "python_version >= '3.6'",
            "version": "==0.7.0"
        },
        "mypy-extensions": {
            "hashes": [
                "sha256:090fedd75945a69ae91ce1303b5824f428daf5a028d2f6ab8a299250a846f15d",
                "sha256:2d82818f5bb3e369420cb3c4060a7970edba416647068eb4c5343488a6c604a8"
            ],
            "version": "==0.4.3"
        },
        "pathspec": {
            "hashes": [
                "sha256:7d15c4ddb0b5c802d161efc417ec1a2558ea2653c2e8ad9c19098201dc1c993a",
                "sha256:e564499435a2673d586f6b2130bb5b95f04a3ba06f81b8f895b651a3c76aabb1"
            ],
            "version": "==0.9.0"
        },
        "platformdirs": {
            "hashes": [
                "sha256:027d8e83a2d7de06bbac4e5ef7e023c02b863d7ea5d079477e722bb41ab25788",
                "sha256:58c8abb07dcb441e6ee4b11d8df0ac856038f944ab98b7be6b27b2a3c7feef19"
            ],
            "markers": "python_version >= '3.7'",
            "version": "==2.5.2"
        },
        "pycodestyle": {
            "hashes": [
                "sha256:2c9607871d58c76354b697b42f5d57e1ada7d261c261efac224b664affdc5785",
                "sha256:d1735fc58b418fd7c5f658d28d943854f8a849b01a5d0a1e6f3f3fdd0166804b"
            ],
            "markers": "python_version >= '3.6'",
            "version": "==2.9.1"
        },
        "pyflakes": {
            "hashes": [
                "sha256:4579f67d887f804e67edb544428f264b7b24f435b263c4614f384135cea553d2",
                "sha256:491feb020dca48ccc562a8c0cbe8df07ee13078df59813b83959cbdada312ea3"
            ],
            "markers": "python_version >= '3.6'",
            "version": "==2.5.0"
        },
        "tomli": {
            "hashes": [
                "sha256:939de3e7a6161af0c887ef91b7d41a53e7c5a1ca976325f429cb46ea9bc30ecc",
                "sha256:de526c12914f0c550d15924c62d72abc48d6fe7364aa87328337a31007fe8a4f"
            ],
            "markers": "python_full_version < '3.11.0a7'",
            "version": "==2.0.1"
        }
    }
}
